
Microsoft Visual Studio Solution File, Format Version 12.00
# Visual Studio 15
Project("{FAE04EC0-301F-11D3-BF4B-00C04F79EFBC}") = "Assembly-CSharp", "Assembly-CSharp.csproj", "{B0889430-429F-7386-0A8B-EC21FF3FED03}"
EndProject
Project("{FAE04EC0-301F-11D3-BF4B-00C04F79EFBC}") = "Assembly-CSharp-firstpass", "Assembly-CSharp-firstpass.csproj", "{308D59D4-1FE5-1002-D6C0-BA0EA7DD338F}"
EndProject
Project("{FAE04EC0-301F-11D3-BF4B-00C04F79EFBC}") = "Assembly-CSharp-Editor-firstpass", "Assembly-CSharp-Editor-firstpass.csproj", "{DEA9A568-A05C-A78B-3D24-DE2738D688FA}"
EndProject
Global
	GlobalSection(SolutionConfigurationPlatforms) = preSolution
		Debug|Any CPU = Debug|Any CPU
		Release|Any CPU = Release|Any CPU
	EndGlobalSection
	GlobalSection(ProjectConfigurationPlatforms) = postSolution
		{B0889430-429F-7386-0A8B-EC21FF3FED03}.Debug|Any CPU.ActiveCfg = Debug|Any CPU
		{B0889430-429F-7386-0A8B-EC21FF3FED03}.Debug|Any CPU.Build.0 = Debug|Any CPU
		{B0889430-429F-7386-0A8B-EC21FF3FED03}.Release|Any CPU.ActiveCfg = Release|Any CPU
		{B0889430-429F-7386-0A8B-EC21FF3FED03}.Release|Any CPU.Build.0 = Release|Any CPU
		{308D59D4-1FE5-1002-D6C0-BA0EA7DD338F}.Debug|Any CPU.ActiveCfg = Debug|Any CPU
		{308D59D4-1FE5-1002-D6C0-BA0EA7DD338F}.Debug|Any CPU.Build.0 = Debug|Any CPU
		{308D59D4-1FE5-1002-D6C0-BA0EA7DD338F}.Release|Any CPU.ActiveCfg = Release|Any CPU
		{308D59D4-1FE5-1002-D6C0-BA0EA7DD338F}.Release|Any CPU.Build.0 = Release|Any CPU
		{DEA9A568-A05C-A78B-3D24-DE2738D688FA}.Debug|Any CPU.ActiveCfg = Debug|Any CPU
		{DEA9A568-A05C-A78B-3D24-DE2738D688FA}.Debug|Any CPU.Build.0 = Debug|Any CPU
		{DEA9A568-A05C-A78B-3D24-DE2738D688FA}.Release|Any CPU.ActiveCfg = Release|Any CPU
		{DEA9A568-A05C-A78B-3D24-DE2738D688FA}.Release|Any CPU.Build.0 = Release|Any CPU
	EndGlobalSection
	GlobalSection(SolutionProperties) = preSolution
		HideSolutionNode = FALSE
	EndGlobalSection
EndGlobal
